%{
  "amqp": {:hex, :amqp, "1.6.0", "736d976f53780bcee72ccc50f7eb36e3d5881354480b1e34ceac84e3bbd954e9", [:mix], [{:amqp_client, "~> 3.8.0", [hex: :amqp_client, repo: "hexpm", optional: false]}], "hexpm", "b8168919ea1f1571a68349421e6501d1db7f559c4db3b8324ae90dbd3e2c1c4a"},
  "amqp_client": {:hex, :amqp_client, "3.8.21", "607edc90e44a2dda6d605139b12f338589c1aa322e6002929d5a7a13ed73a172", [:make, :rebar3], [{:rabbit_common, "3.8.21", [hex: :rabbit_common, repo: "hexpm", optional: false]}], "hexpm", "5ee3ca42b58cd56c1867543929c4dedd2ed77f8bc91321cfdd221271fc2718f2"},
  "cowboy": {:hex, :cowboy, "2.9.0", "865dd8b6607e14cf03282e10e934023a1bd8be6f6bacf921a7e2a96d800cd452", [:make, :rebar3], [{:cowlib, "2.11.0", [hex: :cowlib, repo: "hexpm", optional: false]}, {:ranch, "1.8.0", [hex: :ranch, repo: "hexpm", optional: false]}], "hexpm", "2c729f934b4e1aa149aff882f57c6372c15399a20d54f65c8d67bef583021bde"},
  "cowboy_telemetry": {:hex, :cowboy_telemetry, "0.3.1", "ebd1a1d7aff97f27c66654e78ece187abdc646992714164380d8a041eda16754", [:rebar3], [{:cowboy, "~> 2.7", [hex: :cowboy, repo: "hexpm", optional: false]}, {:telemetry, "~> 0.4", [hex: :telemetry, repo: "hexpm", optional: false]}], "hexpm", "3a6efd3366130eab84ca372cbd4a7d3c3a97bdfcfb4911233b035d117063f0af"},
  "cowlib": {:hex, :cowlib, "2.11.0", "0b9ff9c346629256c42ebe1eeb769a83c6cb771a6ee5960bd110ab0b9b872063", [:make, :rebar3], [], "hexpm", "2b3e9da0b21c4565751a6d4901c20d1b4cc25cbb7fd50d91d2ab6dd287bc86a9"},
  "credentials_obfuscation": {:hex, :credentials_obfuscation, "2.4.0", "9fb57683b84899ca3546b384e59ab5d3054a9f334eba50d74c82cd0ae82dd6ca", [:rebar3], [], "hexpm", "d28a89830e30698b075de9a4dbe683a20685c6bed1e3b7df744a0c06e6ff200a"},
  "goldrush": {:hex, :goldrush, "0.1.9", "f06e5d5f1277da5c413e84d5a2924174182fb108dabb39d5ec548b27424cd106", [:rebar3], [], "hexpm", "99cb4128cffcb3227581e5d4d803d5413fa643f4eb96523f77d9e6937d994ceb"},
  "jsx": {:hex, :jsx, "3.1.0", "d12516baa0bb23a59bb35dccaf02a1bd08243fcbb9efe24f2d9d056ccff71268", [:rebar3], [], "hexpm", "0c5cc8fdc11b53cc25cf65ac6705ad39e54ecc56d1c22e4adb8f5a53fb9427f3"},
  "lager": {:hex, :lager, "3.9.2", "4cab289120eb24964e3886bd22323cb5fefe4510c076992a23ad18cf85413d8c", [:rebar3], [{:goldrush, "0.1.9", [hex: :goldrush, repo: "hexpm", optional: false]}], "hexpm", "7f904d9e87a8cb7e66156ed31768d1c8e26eba1d54f4bc85b1aa4ac1f6340c28"},
  "mime": {:hex, :mime, "2.0.2", "0b9e1a4c840eafb68d820b0e2158ef5c49385d17fb36855ac6e7e087d4b1dcc5", [:mix], [], "hexpm", "e6a3f76b4c277739e36c2e21a2c640778ba4c3846189d5ab19f97f126df5f9b7"},
  "plug": {:hex, :plug, "1.12.1", "645678c800601d8d9f27ad1aebba1fdb9ce5b2623ddb961a074da0b96c35187d", [:mix], [{:mime, "~> 1.0 or ~> 2.0", [hex: :mime, repo: "hexpm", optional: false]}, {:plug_crypto, "~> 1.1.1 or ~> 1.2", [hex: :plug_crypto, repo: "hexpm", optional: false]}, {:telemetry, "~> 0.4.3 or ~> 1.0", [hex: :telemetry, repo: "hexpm", optional: false]}], "hexpm", "d57e799a777bc20494b784966dc5fbda91eb4a09f571f76545b72a634ce0d30b"},
  "plug_cowboy": {:hex, :plug_cowboy, "2.5.2", "62894ccd601cf9597e2c23911ff12798a8a18d237e9739f58a6b04e4988899fe", [:mix], [{:cowboy, "~> 2.7", [hex: :cowboy, repo: "hexpm", optional: false]}, {:cowboy_telemetry, "~> 0.3", [hex: :cowboy_telemetry, repo: "hexpm", optional: false]}, {:plug, "~> 1.7", [hex: :plug, repo: "hexpm", optional: false]}], "hexpm", "ea6e87f774c8608d60c8d34022a7d073bd7680a0a013f049fc62bf35efea1044"},
  "plug_crypto": {:hex, :plug_crypto, "1.2.2", "05654514ac717ff3a1843204b424477d9e60c143406aa94daf2274fdd280794d", [:mix], [], "hexpm", "87631c7ad914a5a445f0a3809f99b079113ae4ed4b867348dd9eec288cecb6db"},
  "poison": {:hex, :poison, "4.0.1", "bcb755a16fac91cad79bfe9fc3585bb07b9331e50cfe3420a24bcc2d735709ae", [:mix], [], "hexpm", "ba8836feea4b394bb718a161fc59a288fe0109b5006d6bdf97b6badfcf6f0f25"},
  "rabbit_common": {:hex, :rabbit_common, "3.8.21", "97ecdc566d6be82ad8dd05b9661d3915853ecd6536de92f6221682fa69e9ae4b", [:make, :rebar3], [{:credentials_obfuscation, "2.4.0", [hex: :credentials_obfuscation, repo: "hexpm", optional: false]}, {:jsx, "3.1.0", [hex: :jsx, repo: "hexpm", optional: false]}, {:lager, "3.9.2", [hex: :lager, repo: "hexpm", optional: false]}, {:recon, "2.5.1", [hex: :recon, repo: "hexpm", optional: false]}], "hexpm", "a4f895ec7571aa14064b361aafc3934d9f26846ef2c677ebcc5b25cb8b011385"},
  "ranch": {:hex, :ranch, "1.8.0", "8c7a100a139fd57f17327b6413e4167ac559fbc04ca7448e9be9057311597a1d", [:make, :rebar3], [], "hexpm", "49fbcfd3682fab1f5d109351b61257676da1a2fdbe295904176d5e521a2ddfe5"},
  "recon": {:hex, :recon, "2.5.1", "430ffa60685ac1efdfb1fe4c97b8767c92d0d92e6e7c3e8621559ba77598678a", [:mix, :rebar3], [], "hexpm", "5721c6b6d50122d8f68cccac712caa1231f97894bab779eff5ff0f886cb44648"},
  "telemetry": {:hex, :telemetry, "0.4.3", "a06428a514bdbc63293cd9a6263aad00ddeb66f608163bdec7c8995784080818", [:rebar3], [], "hexpm", "eb72b8365ffda5bed68a620d1da88525e326cb82a75ee61354fc24b844768041"},
  "uuid": {:hex, :uuid, "1.1.8", "e22fc04499de0de3ed1116b770c7737779f226ceefa0badb3592e64d5cfb4eb9", [:mix], [], "hexpm", "c790593b4c3b601f5dc2378baae7efaf5b3d73c4c6456ba85759905be792f2ac"},
}
